
Microsoft Visual Studio Solution File, Format Version 12.00
# Visual Studio Version 16
VisualStudioVersion = 16.0.33130.400
MinimumVisualStudioVersion = 10.0.40219.1
Project("{FAE04EC0-301F-11D3-BF4B-00C04F79EFBC}") = "Logging", "Logging\Logging.csproj", "{4FEBFBF8-AEDF-4386-80BC-27C962EBC377}"
EndProject
Global
	GlobalSection(SolutionConfigurationPlatforms) = preSolution
		Debug|Any CPU = Debug|Any CPU
		Release|Any CPU = Release|Any CPU
	EndGlobalSection
	GlobalSection(ProjectConfigurationPlatforms) = postSolution
		{4FEBFBF8-AEDF-4386-80BC-27C962EBC377}.Debug|Any CPU.ActiveCfg = Debug|Any CPU
		{4FEBFBF8-AEDF-4386-80BC-27C962EBC377}.Debug|Any CPU.Build.0 = Debug|Any CPU
		{4FEBFBF8-AEDF-4386-80BC-27C962EBC377}.Release|Any CPU.ActiveCfg = Release|Any CPU
		{4FEBFBF8-AEDF-4386-80BC-27C962EBC377}.Release|Any CPU.Build.0 = Release|Any CPU
	EndGlobalSection
	GlobalSection(SolutionProperties) = preSolution
		HideSolutionNode = FALSE
	EndGlobalSection
	GlobalSection(ExtensibilityGlobals) = postSolution
		SolutionGuid = {668C4F0A-C843-44FB-A13B-B6FB9909441F}
	EndGlobalSection
EndGlobal
